
Microsoft Visual Studio Solution File, Format Version 12.00
# Visual Studio Version 16
VisualStudioVersion = 16.0.31515.178
MinimumVisualStudioVersion = 10.0.40219.1
Project("{9A19103F-16F7-4668-BE54-9A1E7A4F7556}") = "om.account.api", "Domain\Account\om.account.api\om.account.api.csproj", "{DE2C435E-3689-415A-AC13-CF9623E91F9F}"
EndProject
Project("{9A19103F-16F7-4668-BE54-9A1E7A4F7556}") = "om.order.api", "Domain\Order\om.order.api\om.order.api.csproj", "{0FB8654D-B992-47C3-85E7-33EACE89F083}"
EndProject
Project("{9A19103F-16F7-4668-BE54-9A1E7A4F7556}") = "om.payment.api", "Domain\Payment\om.payment.api\om.payment.api.csproj", "{CD1E146B-5852-4245-B9FE-E976665C4351}"
EndProject
Project("{9A19103F-16F7-4668-BE54-9A1E7A4F7556}") = "om.deilvery.api", "Domain\Delivery\om.Deilvery.api\om.deilvery.api.csproj", "{BD0C35D6-97F9-4DCB-926E-C9AA0D7BD403}"
EndProject
Project("{9A19103F-16F7-4668-BE54-9A1E7A4F7556}") = "om.security.api", "Domain\Security\om.security.api\om.security.api.csproj", "{0EE47B4F-B72A-47BC-9792-16B49CC144E3}"
EndProject
Project("{9A19103F-16F7-4668-BE54-9A1E7A4F7556}") = "om.account.api.tests", "Domain\Account\om.account.api.Tests\om.account.api.tests.csproj", "{42A48AE7-C207-43CA-96FA-C8CC2E9832F4}"
EndProject
Project("{9A19103F-16F7-4668-BE54-9A1E7A4F7556}") = "om.order.api.tests", "Domain\Order\om.order.api.Tests\om.order.api.tests.csproj", "{B0002271-D119-4817-A613-4358A5278C7E}"
EndProject
Project("{9A19103F-16F7-4668-BE54-9A1E7A4F7556}") = "om.payment.api.tests", "Domain\Payment\om.payment.api.Tests\om.payment.api.tests.csproj", "{96524EF9-1636-4025-AEB9-12811C04C3DC}"
EndProject
Project("{9A19103F-16F7-4668-BE54-9A1E7A4F7556}") = "om.security.api.tests", "Domain\Security\om.security.api.Tests\om.security.api.tests.csproj", "{D02ED8A9-E068-46B3-B58C-75AFE572BCD8}"
EndProject
Project("{2150E333-8FDC-42A3-9474-1A3956D46DE8}") = "Shared", "Shared", "{4275C992-C388-42D1-B36E-E3D655913DCA}"
EndProject
Project("{2150E333-8FDC-42A3-9474-1A3956D46DE8}") = "Shared.UnitTest", "Shared.UnitTest", "{95593A29-81CF-43C6-B378-77D39F68A43E}"
EndProject
Project("{2150E333-8FDC-42A3-9474-1A3956D46DE8}") = "Workers", "Workers", "{7E41D4A2-94D1-4DC1-8339-FD57F0630AC7}"
EndProject
Project("{2150E333-8FDC-42A3-9474-1A3956D46DE8}") = "Domain", "Domain", "{E2A8E0CB-624D-4F70-ADC1-466FF281BB6E}"
EndProject
Project("{2150E333-8FDC-42A3-9474-1A3956D46DE8}") = "Account", "Account", "{56C02AFD-5853-4E32-815E-3A8879186D49}"
EndProject
Project("{2150E333-8FDC-42A3-9474-1A3956D46DE8}") = "Delivery", "Delivery", "{5B36D53C-A537-4CD5-A4C0-FF1BDEFCED10}"
EndProject
Project("{2150E333-8FDC-42A3-9474-1A3956D46DE8}") = "Order", "Order", "{860CBBA9-04BC-411C-AA43-8828914357CA}"
EndProject
Project("{2150E333-8FDC-42A3-9474-1A3956D46DE8}") = "Payment", "Payment", "{C91BAC64-5087-43D8-B235-25B9281AC5A0}"
EndProject
Project("{2150E333-8FDC-42A3-9474-1A3956D46DE8}") = "Security", "Security", "{EABD88EA-A51D-4551-AA15-257A12912140}"
EndProject
Project("{2150E333-8FDC-42A3-9474-1A3956D46DE8}") = "Stock", "Stock", "{F9B4956C-1234-4CF2-9168-A813772D61E3}"
EndProject
Project("{2150E333-8FDC-42A3-9474-1A3956D46DE8}") = "UnitTest", "UnitTest", "{0AEAA795-84AE-40DE-8F56-0E75B629907F}"
EndProject
Project("{2150E333-8FDC-42A3-9474-1A3956D46DE8}") = "UnitTest", "UnitTest", "{E7C6AECB-1910-48D3-ABF6-E84737DB4DC7}"
EndProject
Project("{2150E333-8FDC-42A3-9474-1A3956D46DE8}") = "UnitTest", "UnitTest", "{354A12F0-499C-4AC6-8B59-78F4FBBF0610}"
EndProject
Project("{2150E333-8FDC-42A3-9474-1A3956D46DE8}") = "UnitTest", "UnitTest", "{EC2221CD-0726-4C13-87DB-77E3884D8CA2}"
EndProject
Project("{2150E333-8FDC-42A3-9474-1A3956D46DE8}") = "UnitTest", "UnitTest", "{5CC2A249-48C1-40E3-B2B6-E9A1A32DE05A}"
EndProject
Project("{2150E333-8FDC-42A3-9474-1A3956D46DE8}") = "UnitTest", "UnitTest", "{39C6B32B-CE57-475D-9F99-17DD092EC023}"
EndProject
Project("{9A19103F-16F7-4668-BE54-9A1E7A4F7556}") = "om.shared.dataaccesslayer", "Shared\om.dataaccesslayer\om.shared.dataaccesslayer.csproj", "{237B081D-8687-4766-B642-CD0C369FFED9}"
EndProject
Project("{9A19103F-16F7-4668-BE54-9A1E7A4F7556}") = "om.ecommerce.orderreconciliation", "Workers\om.orderreconciliation\om.ecommerce.orderreconciliation.csproj", "{114EBD20-017B-49E0-857F-7B624C15A041}"
EndProject
Project("{9A19103F-16F7-4668-BE54-9A1E7A4F7556}") = "om.ecommerce.stockreconciliation", "Workers\om.stockreconciliation\om.ecommerce.stockreconciliation.csproj", "{3F3604DC-F293-40F4-B249-A185700B4F78}"
EndProject
Project("{9A19103F-16F7-4668-BE54-9A1E7A4F7556}") = "om.account.businesslogic", "Domain\Account\om.account.businesslogic\om.account.businesslogic.csproj", "{867CE0CA-E6B5-4712-BE12-CBF53389166F}"
EndProject
Project("{9A19103F-16F7-4668-BE54-9A1E7A4F7556}") = "om.account.model", "Domain\Account\om.account.model\om.account.model.csproj", "{72B7CB56-2FE4-4559-BCDE-10F18ABE50D0}"
EndProject
Project("{9A19103F-16F7-4668-BE54-9A1E7A4F7556}") = "om.account.repository", "Domain\Account\om.account.repository\om.account.repository.csproj", "{3CA190EA-1320-46ED-9194-56D7F58ED041}"
EndProject
Project("{9A19103F-16F7-4668-BE54-9A1E7A4F7556}") = "om.deilvery.api.tests", "Domain\Delivery\om.Deilvery.api.Tests\om.deilvery.api.tests.csproj", "{F9A7C3FA-B15E-4719-A79C-387EA29117CF}"
EndProject
Project("{9A19103F-16F7-4668-BE54-9A1E7A4F7556}") = "om.stock.api", "Domain\Stock\om.stock.api\om.stock.api.csproj", "{A9EBEA6D-1D6B-47EE-BBA1-246C35F1CBE0}"
EndProject
Project("{9A19103F-16F7-4668-BE54-9A1E7A4F7556}") = "om.stock.api.tests", "Domain\Stock\om.stock.api.tests\om.stock.api.tests.csproj", "{6F345BC1-44F9-4BDE-B44E-F3B0C039A960}"
EndProject
Project("{FAE04EC0-301F-11D3-BF4B-00C04F79EFBC}") = "om.security.businesslogic", "Domain\Security\om.security.businesslogic\om.security.businesslogic.csproj", "{7B928CCD-D305-4CFC-AE88-9CCAE8150F6D}"
EndProject
Project("{FAE04EC0-301F-11D3-BF4B-00C04F79EFBC}") = "om.security.models", "Domain\Security\om.security.models\om.security.models.csproj", "{5E55D056-6C7D-4360-807E-C4FFA4B086C4}"
EndProject
Project("{FAE04EC0-301F-11D3-BF4B-00C04F79EFBC}") = "om.shared.security", "Shared\om.shared.security\om.shared.security.csproj", "{B8ABDD9C-C093-4FEA-A5C9-1C70CF24B9F0}"
EndProject
Global
	GlobalSection(SolutionConfigurationPlatforms) = preSolution
		Debug|Any CPU = Debug|Any CPU
		Release|Any CPU = Release|Any CPU
	EndGlobalSection
	GlobalSection(ProjectConfigurationPlatforms) = postSolution
		{DE2C435E-3689-415A-AC13-CF9623E91F9F}.Debug|Any CPU.ActiveCfg = Debug|Any CPU
		{DE2C435E-3689-415A-AC13-CF9623E91F9F}.Debug|Any CPU.Build.0 = Debug|Any CPU
		{DE2C435E-3689-415A-AC13-CF9623E91F9F}.Release|Any CPU.ActiveCfg = Release|Any CPU
		{DE2C435E-3689-415A-AC13-CF9623E91F9F}.Release|Any CPU.Build.0 = Release|Any CPU
		{0FB8654D-B992-47C3-85E7-33EACE89F083}.Debug|Any CPU.ActiveCfg = Debug|Any CPU
		{0FB8654D-B992-47C3-85E7-33EACE89F083}.Debug|Any CPU.Build.0 = Debug|Any CPU
		{0FB8654D-B992-47C3-85E7-33EACE89F083}.Release|Any CPU.ActiveCfg = Release|Any CPU
		{0FB8654D-B992-47C3-85E7-33EACE89F083}.Release|Any CPU.Build.0 = Release|Any CPU
		{CD1E146B-5852-4245-B9FE-E976665C4351}.Debug|Any CPU.ActiveCfg = Debug|Any CPU
		{CD1E146B-5852-4245-B9FE-E976665C4351}.Debug|Any CPU.Build.0 = Debug|Any CPU
		{CD1E146B-5852-4245-B9FE-E976665C4351}.Release|Any CPU.ActiveCfg = Release|Any CPU
		{CD1E146B-5852-4245-B9FE-E976665C4351}.Release|Any CPU.Build.0 = Release|Any CPU
		{BD0C35D6-97F9-4DCB-926E-C9AA0D7BD403}.Debug|Any CPU.ActiveCfg = Debug|Any CPU
		{BD0C35D6-97F9-4DCB-926E-C9AA0D7BD403}.Debug|Any CPU.Build.0 = Debug|Any CPU
		{BD0C35D6-97F9-4DCB-926E-C9AA0D7BD403}.Release|Any CPU.ActiveCfg = Release|Any CPU
		{BD0C35D6-97F9-4DCB-926E-C9AA0D7BD403}.Release|Any CPU.Build.0 = Release|Any CPU
		{0EE47B4F-B72A-47BC-9792-16B49CC144E3}.Debug|Any CPU.ActiveCfg = Debug|Any CPU
		{0EE47B4F-B72A-47BC-9792-16B49CC144E3}.Debug|Any CPU.Build.0 = Debug|Any CPU
		{0EE47B4F-B72A-47BC-9792-16B49CC144E3}.Release|Any CPU.ActiveCfg = Release|Any CPU
		{0EE47B4F-B72A-47BC-9792-16B49CC144E3}.Release|Any CPU.Build.0 = Release|Any CPU
		{42A48AE7-C207-43CA-96FA-C8CC2E9832F4}.Debug|Any CPU.ActiveCfg = Debug|Any CPU
		{42A48AE7-C207-43CA-96FA-C8CC2E9832F4}.Debug|Any CPU.Build.0 = Debug|Any CPU
		{42A48AE7-C207-43CA-96FA-C8CC2E9832F4}.Release|Any CPU.ActiveCfg = Release|Any CPU
		{42A48AE7-C207-43CA-96FA-C8CC2E9832F4}.Release|Any CPU.Build.0 = Release|Any CPU
		{B0002271-D119-4817-A613-4358A5278C7E}.Debug|Any CPU.ActiveCfg = Debug|Any CPU
		{B0002271-D119-4817-A613-4358A5278C7E}.Debug|Any CPU.Build.0 = Debug|Any CPU
		{B0002271-D119-4817-A613-4358A5278C7E}.Release|Any CPU.ActiveCfg = Release|Any CPU
		{B0002271-D119-4817-A613-4358A5278C7E}.Release|Any CPU.Build.0 = Release|Any CPU
		{96524EF9-1636-4025-AEB9-12811C04C3DC}.Debug|Any CPU.ActiveCfg = Debug|Any CPU
		{96524EF9-1636-4025-AEB9-12811C04C3DC}.Debug|Any CPU.Build.0 = Debug|Any CPU
		{96524EF9-1636-4025-AEB9-12811C04C3DC}.Release|Any CPU.ActiveCfg = Release|Any CPU
		{96524EF9-1636-4025-AEB9-12811C04C3DC}.Release|Any CPU.Build.0 = Release|Any CPU
		{D02ED8A9-E068-46B3-B58C-75AFE572BCD8}.Debug|Any CPU.ActiveCfg = Debug|Any CPU
		{D02ED8A9-E068-46B3-B58C-75AFE572BCD8}.Debug|Any CPU.Build.0 = Debug|Any CPU
		{D02ED8A9-E068-46B3-B58C-75AFE572BCD8}.Release|Any CPU.ActiveCfg = Release|Any CPU
		{D02ED8A9-E068-46B3-B58C-75AFE572BCD8}.Release|Any CPU.Build.0 = Release|Any CPU
		{237B081D-8687-4766-B642-CD0C369FFED9}.Debug|Any CPU.ActiveCfg = Debug|Any CPU
		{237B081D-8687-4766-B642-CD0C369FFED9}.Debug|Any CPU.Build.0 = Debug|Any CPU
		{237B081D-8687-4766-B642-CD0C369FFED9}.Release|Any CPU.ActiveCfg = Release|Any CPU
		{237B081D-8687-4766-B642-CD0C369FFED9}.Release|Any CPU.Build.0 = Release|Any CPU
		{114EBD20-017B-49E0-857F-7B624C15A041}.Debug|Any CPU.ActiveCfg = Debug|Any CPU
		{114EBD20-017B-49E0-857F-7B624C15A041}.Debug|Any CPU.Build.0 = Debug|Any CPU
		{114EBD20-017B-49E0-857F-7B624C15A041}.Release|Any CPU.ActiveCfg = Release|Any CPU
		{114EBD20-017B-49E0-857F-7B624C15A041}.Release|Any CPU.Build.0 = Release|Any CPU
		{3F3604DC-F293-40F4-B249-A185700B4F78}.Debug|Any CPU.ActiveCfg = Debug|Any CPU
		{3F3604DC-F293-40F4-B249-A185700B4F78}.Debug|Any CPU.Build.0 = Debug|Any CPU
		{3F3604DC-F293-40F4-B249-A185700B4F78}.Release|Any CPU.ActiveCfg = Release|Any CPU
		{3F3604DC-F293-40F4-B249-A185700B4F78}.Release|Any CPU.Build.0 = Release|Any CPU
		{867CE0CA-E6B5-4712-BE12-CBF53389166F}.Debug|Any CPU.ActiveCfg = Debug|Any CPU
		{867CE0CA-E6B5-4712-BE12-CBF53389166F}.Debug|Any CPU.Build.0 = Debug|Any CPU
		{867CE0CA-E6B5-4712-BE12-CBF53389166F}.Release|Any CPU.ActiveCfg = Release|Any CPU
		{867CE0CA-E6B5-4712-BE12-CBF53389166F}.Release|Any CPU.Build.0 = Release|Any CPU
		{72B7CB56-2FE4-4559-BCDE-10F18ABE50D0}.Debug|Any CPU.ActiveCfg = Debug|Any CPU
		{72B7CB56-2FE4-4559-BCDE-10F18ABE50D0}.Debug|Any CPU.Build.0 = Debug|Any CPU
		{72B7CB56-2FE4-4559-BCDE-10F18ABE50D0}.Release|Any CPU.ActiveCfg = Release|Any CPU
		{72B7CB56-2FE4-4559-BCDE-10F18ABE50D0}.Release|Any CPU.Build.0 = Release|Any CPU
		{3CA190EA-1320-46ED-9194-56D7F58ED041}.Debug|Any CPU.ActiveCfg = Debug|Any CPU
		{3CA190EA-1320-46ED-9194-56D7F58ED041}.Debug|Any CPU.Build.0 = Debug|Any CPU
		{3CA190EA-1320-46ED-9194-56D7F58ED041}.Release|Any CPU.ActiveCfg = Release|Any CPU
		{3CA190EA-1320-46ED-9194-56D7F58ED041}.Release|Any CPU.Build.0 = Release|Any CPU
		{F9A7C3FA-B15E-4719-A79C-387EA29117CF}.Debug|Any CPU.ActiveCfg = Debug|Any CPU
		{F9A7C3FA-B15E-4719-A79C-387EA29117CF}.Debug|Any CPU.Build.0 = Debug|Any CPU
		{F9A7C3FA-B15E-4719-A79C-387EA29117CF}.Release|Any CPU.ActiveCfg = Release|Any CPU
		{F9A7C3FA-B15E-4719-A79C-387EA29117CF}.Release|Any CPU.Build.0 = Release|Any CPU
		{A9EBEA6D-1D6B-47EE-BBA1-246C35F1CBE0}.Debug|Any CPU.ActiveCfg = Debug|Any CPU
		{A9EBEA6D-1D6B-47EE-BBA1-246C35F1CBE0}.Debug|Any CPU.Build.0 = Debug|Any CPU
		{A9EBEA6D-1D6B-47EE-BBA1-246C35F1CBE0}.Release|Any CPU.ActiveCfg = Release|Any CPU
		{A9EBEA6D-1D6B-47EE-BBA1-246C35F1CBE0}.Release|Any CPU.Build.0 = Release|Any CPU
		{6F345BC1-44F9-4BDE-B44E-F3B0C039A960}.Debug|Any CPU.ActiveCfg = Debug|Any CPU
		{6F345BC1-44F9-4BDE-B44E-F3B0C039A960}.Debug|Any CPU.Build.0 = Debug|Any CPU
		{6F345BC1-44F9-4BDE-B44E-F3B0C039A960}.Release|Any CPU.ActiveCfg = Release|Any CPU
		{6F345BC1-44F9-4BDE-B44E-F3B0C039A960}.Release|Any CPU.Build.0 = Release|Any CPU
		{7B928CCD-D305-4CFC-AE88-9CCAE8150F6D}.Debug|Any CPU.ActiveCfg = Debug|Any CPU
		{7B928CCD-D305-4CFC-AE88-9CCAE8150F6D}.Debug|Any CPU.Build.0 = Debug|Any CPU
		{7B928CCD-D305-4CFC-AE88-9CCAE8150F6D}.Release|Any CPU.ActiveCfg = Release|Any CPU
		{7B928CCD-D305-4CFC-AE88-9CCAE8150F6D}.Release|Any CPU.Build.0 = Release|Any CPU
		{5E55D056-6C7D-4360-807E-C4FFA4B086C4}.Debug|Any CPU.ActiveCfg = Debug|Any CPU
		{5E55D056-6C7D-4360-807E-C4FFA4B086C4}.Debug|Any CPU.Build.0 = Debug|Any CPU
		{5E55D056-6C7D-4360-807E-C4FFA4B086C4}.Release|Any CPU.ActiveCfg = Release|Any CPU
		{5E55D056-6C7D-4360-807E-C4FFA4B086C4}.Release|Any CPU.Build.0 = Release|Any CPU
		{B8ABDD9C-C093-4FEA-A5C9-1C70CF24B9F0}.Debug|Any CPU.ActiveCfg = Debug|Any CPU
		{B8ABDD9C-C093-4FEA-A5C9-1C70CF24B9F0}.Debug|Any CPU.Build.0 = Debug|Any CPU
		{B8ABDD9C-C093-4FEA-A5C9-1C70CF24B9F0}.Release|Any CPU.ActiveCfg = Release|Any CPU
		{B8ABDD9C-C093-4FEA-A5C9-1C70CF24B9F0}.Release|Any CPU.Build.0 = Release|Any CPU
	EndGlobalSection
	GlobalSection(SolutionProperties) = preSolution
		HideSolutionNode = FALSE
	EndGlobalSection
	GlobalSection(NestedProjects) = preSolution
		{DE2C435E-3689-415A-AC13-CF9623E91F9F} = {56C02AFD-5853-4E32-815E-3A8879186D49}
		{0FB8654D-B992-47C3-85E7-33EACE89F083} = {860CBBA9-04BC-411C-AA43-8828914357CA}
		{CD1E146B-5852-4245-B9FE-E976665C4351} = {C91BAC64-5087-43D8-B235-25B9281AC5A0}
		{BD0C35D6-97F9-4DCB-926E-C9AA0D7BD403} = {5B36D53C-A537-4CD5-A4C0-FF1BDEFCED10}
		{0EE47B4F-B72A-47BC-9792-16B49CC144E3} = {EABD88EA-A51D-4551-AA15-257A12912140}
		{42A48AE7-C207-43CA-96FA-C8CC2E9832F4} = {0AEAA795-84AE-40DE-8F56-0E75B629907F}
		{B0002271-D119-4817-A613-4358A5278C7E} = {354A12F0-499C-4AC6-8B59-78F4FBBF0610}
		{96524EF9-1636-4025-AEB9-12811C04C3DC} = {EC2221CD-0726-4C13-87DB-77E3884D8CA2}
		{D02ED8A9-E068-46B3-B58C-75AFE572BCD8} = {5CC2A249-48C1-40E3-B2B6-E9A1A32DE05A}
		{56C02AFD-5853-4E32-815E-3A8879186D49} = {E2A8E0CB-624D-4F70-ADC1-466FF281BB6E}
		{5B36D53C-A537-4CD5-A4C0-FF1BDEFCED10} = {E2A8E0CB-624D-4F70-ADC1-466FF281BB6E}
		{860CBBA9-04BC-411C-AA43-8828914357CA} = {E2A8E0CB-624D-4F70-ADC1-466FF281BB6E}
		{C91BAC64-5087-43D8-B235-25B9281AC5A0} = {E2A8E0CB-624D-4F70-ADC1-466FF281BB6E}
		{EABD88EA-A51D-4551-AA15-257A12912140} = {E2A8E0CB-624D-4F70-ADC1-466FF281BB6E}
		{F9B4956C-1234-4CF2-9168-A813772D61E3} = {E2A8E0CB-624D-4F70-ADC1-466FF281BB6E}
		{0AEAA795-84AE-40DE-8F56-0E75B629907F} = {56C02AFD-5853-4E32-815E-3A8879186D49}
		{E7C6AECB-1910-48D3-ABF6-E84737DB4DC7} = {5B36D53C-A537-4CD5-A4C0-FF1BDEFCED10}
		{354A12F0-499C-4AC6-8B59-78F4FBBF0610} = {860CBBA9-04BC-411C-AA43-8828914357CA}
		{EC2221CD-0726-4C13-87DB-77E3884D8CA2} = {C91BAC64-5087-43D8-B235-25B9281AC5A0}
		{5CC2A249-48C1-40E3-B2B6-E9A1A32DE05A} = {EABD88EA-A51D-4551-AA15-257A12912140}
		{39C6B32B-CE57-475D-9F99-17DD092EC023} = {F9B4956C-1234-4CF2-9168-A813772D61E3}
		{237B081D-8687-4766-B642-CD0C369FFED9} = {4275C992-C388-42D1-B36E-E3D655913DCA}
		{114EBD20-017B-49E0-857F-7B624C15A041} = {7E41D4A2-94D1-4DC1-8339-FD57F0630AC7}
		{3F3604DC-F293-40F4-B249-A185700B4F78} = {7E41D4A2-94D1-4DC1-8339-FD57F0630AC7}
		{867CE0CA-E6B5-4712-BE12-CBF53389166F} = {56C02AFD-5853-4E32-815E-3A8879186D49}
		{72B7CB56-2FE4-4559-BCDE-10F18ABE50D0} = {56C02AFD-5853-4E32-815E-3A8879186D49}
		{3CA190EA-1320-46ED-9194-56D7F58ED041} = {56C02AFD-5853-4E32-815E-3A8879186D49}
		{F9A7C3FA-B15E-4719-A79C-387EA29117CF} = {E7C6AECB-1910-48D3-ABF6-E84737DB4DC7}
		{A9EBEA6D-1D6B-47EE-BBA1-246C35F1CBE0} = {F9B4956C-1234-4CF2-9168-A813772D61E3}
		{6F345BC1-44F9-4BDE-B44E-F3B0C039A960} = {39C6B32B-CE57-475D-9F99-17DD092EC023}
		{7B928CCD-D305-4CFC-AE88-9CCAE8150F6D} = {EABD88EA-A51D-4551-AA15-257A12912140}
		{5E55D056-6C7D-4360-807E-C4FFA4B086C4} = {EABD88EA-A51D-4551-AA15-257A12912140}
		{B8ABDD9C-C093-4FEA-A5C9-1C70CF24B9F0} = {4275C992-C388-42D1-B36E-E3D655913DCA}
	EndGlobalSection
	GlobalSection(ExtensibilityGlobals) = postSolution
		SolutionGuid = {8358D226-D15C-4081-AC0C-003980DB3AA7}
	EndGlobalSection
EndGlobal
